
Microsoft Visual Studio Solution File, Format Version 12.00
# Visual Studio 15
VisualStudioVersion = 15.0.28307.757
MinimumVisualStudioVersion = 10.0.40219.1
Project("{FAE04EC0-301F-11D3-BF4B-00C04F79EFBC}") = "YandS.DAL", "YandS.DAL\YandS.DAL.csproj", "{F97A9F3F-3BB9-4EE5-A633-17EB299CE125}"
EndProject
Project("{FAE04EC0-301F-11D3-BF4B-00C04F79EFBC}") = "YandS.UI", "YandS.UI\YandS.UI.csproj", "{5C57F782-6DD1-455C-922E-88C178FCDE31}"
EndProject
Global
	GlobalSection(SolutionConfigurationPlatforms) = preSolution
		Debug|Any CPU = Debug|Any CPU
		Release|Any CPU = Release|Any CPU
	EndGlobalSection
	GlobalSection(ProjectConfigurationPlatforms) = postSolution
		{F97A9F3F-3BB9-4EE5-A633-17EB299CE125}.Debug|Any CPU.ActiveCfg = Debug|Any CPU
		{F97A9F3F-3BB9-4EE5-A633-17EB299CE125}.Debug|Any CPU.Build.0 = Debug|Any CPU
		{F97A9F3F-3BB9-4EE5-A633-17EB299CE125}.Release|Any CPU.ActiveCfg = Release|Any CPU
		{F97A9F3F-3BB9-4EE5-A633-17EB299CE125}.Release|Any CPU.Build.0 = Release|Any CPU
		{5C57F782-6DD1-455C-922E-88C178FCDE31}.Debug|Any CPU.ActiveCfg = Debug|Any CPU
		{5C57F782-6DD1-455C-922E-88C178FCDE31}.Debug|Any CPU.Build.0 = Debug|Any CPU
		{5C57F782-6DD1-455C-922E-88C178FCDE31}.Release|Any CPU.ActiveCfg = Release|Any CPU
		{5C57F782-6DD1-455C-922E-88C178FCDE31}.Release|Any CPU.Build.0 = Release|Any CPU
	EndGlobalSection
	GlobalSection(SolutionProperties) = preSolution
		HideSolutionNode = FALSE
	EndGlobalSection
	GlobalSection(ExtensibilityGlobals) = postSolution
		SolutionGuid = {404645D0-992B-4AE1-8A8C-0583030E9111}
	EndGlobalSection
EndGlobal
